// !$*UTF8*$!
{
	archiveVersion = 1;
	classes = {
	};
	objectVersion = 46;
	objects = {

/* Begin PBXBuildFile section */
		242C8CE81C10D732008E1909 /* libopencv_imgcodecs.3.0.0.dylib in Frameworks */ = {isa = PBXBuildFile; fileRef = 242C8CE71C10D732008E1909 /* libopencv_imgcodecs.3.0.0.dylib */; settings = {ASSET_TAGS = (); }; };
		24832DF11C0F872D001EEF2E /* main.cpp in Sources */ = {isa = PBXBuildFile; fileRef = 24832DF01C0F872D001EEF2E /* main.cpp */; };
		24832DFC1C0F87F9001EEF2E /* libopencv_core.3.0.0.dylib in Frameworks */ = {isa = PBXBuildFile; fileRef = 24832DF71C0F87F9001EEF2E /* libopencv_core.3.0.0.dylib */; settings = {ASSET_TAGS = (); }; };
		24832DFD1C0F87F9001EEF2E /* libopencv_highgui.3.0.0.dylib in Frameworks */ = {isa = PBXBuildFile; fileRef = 24832DF81C0F87F9001EEF2E /* libopencv_highgui.3.0.0.dylib */; settings = {ASSET_TAGS = (); }; };
		24832DFF1C0F87F9001EEF2E /* libopencv_imgproc.3.0.0.dylib in Frameworks */ = {isa = PBXBuildFile; fileRef = 24832DFA1C0F87F9001EEF2E /* libopencv_imgproc.3.0.0.dylib */; settings = {ASSET_TAGS = (); }; };
		24832E001C0F87F9001EEF2E /* libopencv_stitching.3.0.0.dylib in Frameworks */ = {isa = PBXBuildFile; fileRef = 24832DFB1C0F87F9001EEF2E /* libopencv_stitching.3.0.0.dylib */; settings = {ASSET_TAGS = (); }; };
		24832E021C0F8839001EEF2E /* libopencv_shape.3.0.0.dylib in Frameworks */ = {isa = PBXBuildFile; fileRef = 24832E011C0F8839001EEF2E /* libopencv_shape.3.0.0.dylib */; settings = {ASSET_TAGS = (); }; };
		24832E041C0F8C24001EEF2E /* libopencv_video.3.0.0.dylib in Frameworks */ = {isa = PBXBuildFile; fileRef = 24832E031C0F8C24001EEF2E /* libopencv_video.3.0.0.dylib */; settings = {ASSET_TAGS = (); }; };
		24832E061C0F93C5001EEF2E /* libopencv_videoio.3.0.0.dylib in Frameworks */ = {isa = PBXBuildFile; fileRef = 24832E051C0F93C5001EEF2E /* libopencv_videoio.3.0.0.dylib */; settings = {ASSET_TAGS = (); }; };
/* End PBXBuildFile section */

/* Begin PBXCopyFilesBuildPhase section */
		24832DEB1C0F872D001EEF2E /* CopyFiles */ = {
			isa = PBXCopyFilesBuildPhase;
			buildActionMask = 2147483647;
			dstPath = /usr/share/man/man1/;
			dstSubfolderSpec = 0;
			files = (
			);
			runOnlyForDeploymentPostprocessing = 1;
		};
/* End PBXCopyFilesBuildPhase section */

/* Begin PBXFileReference section */
		242C8CE71C10D732008E1909 /* libopencv_imgcodecs.3.0.0.dylib */ = {isa = PBXFileReference; lastKnownFileType = "compiled.mach-o.dylib"; name = libopencv_imgcodecs.3.0.0.dylib; path = "../opencv-3.0.0/build/lib/libopencv_imgcodecs.3.0.0.dylib"; sourceTree = "<group>"; };
		24832DED1C0F872D001EEF2E /* IA_Project */ = {isa = PBXFileReference; explicitFileType = "compiled.mach-o.executable"; includeInIndex = 0; path = IA_Project; sourceTree = BUILT_PRODUCTS_DIR; };
		24832DF01C0F872D001EEF2E /* main.cpp */ = {isa = PBXFileReference; lastKnownFileType = sourcecode.cpp.cpp; path = main.cpp; sourceTree = "<group>"; };
		24832DF71C0F87F9001EEF2E /* libopencv_core.3.0.0.dylib */ = {isa = PBXFileReference; lastKnownFileType = "compiled.mach-o.dylib"; name = libopencv_core.3.0.0.dylib; path = "../opencv-3.0.0/build/lib/libopencv_core.3.0.0.dylib"; sourceTree = "<group>"; };
		24832DF81C0F87F9001EEF2E /* libopencv_highgui.3.0.0.dylib */ = {isa = PBXFileReference; lastKnownFileType = "compiled.mach-o.dylib"; name = libopencv_highgui.3.0.0.dylib; path = "../opencv-3.0.0/build/lib/libopencv_highgui.3.0.0.dylib"; sourceTree = "<group>"; };
		24832DFA1C0F87F9001EEF2E /* libopencv_imgproc.3.0.0.dylib */ = {isa = PBXFileReference; lastKnownFileType = "compiled.mach-o.dylib"; name = libopencv_imgproc.3.0.0.dylib; path = "../opencv-3.0.0/build/lib/libopencv_imgproc.3.0.0.dylib"; sourceTree = "<group>"; };
		24832DFB1C0F87F9001EEF2E /* libopencv_stitching.3.0.0.dylib */ = {isa = PBXFileReference; lastKnownFileType = "compiled.mach-o.dylib"; name = libopencv_stitching.3.0.0.dylib; path = "../opencv-3.0.0/build/lib/libopencv_stitching.3.0.0.dylib"; sourceTree = "<group>"; };
		24832E011C0F8839001EEF2E /* libopencv_shape.3.0.0.dylib */ = {isa = PBXFileReference; lastKnownFileType = "compiled.mach-o.dylib"; name = libopencv_shape.3.0.0.dylib; path = "../opencv-3.0.0/build/lib/libopencv_shape.3.0.0.dylib"; sourceTree = "<group>"; };
		24832E031C0F8C24001EEF2E /* libopencv_video.3.0.0.dylib */ = {isa = PBXFileReference; lastKnownFileType = "compiled.mach-o.dylib"; name = libopencv_video.3.0.0.dylib; path = "../opencv-3.0.0/build/lib/libopencv_video.3.0.0.dylib"; sourceTree = "<group>"; };
		24832E051C0F93C5001EEF2E /* libopencv_videoio.3.0.0.dylib */ = {isa = PBXFileReference; lastKnownFileType = "compiled.mach-o.dylib"; name = libopencv_videoio.3.0.0.dylib; path = "../opencv-3.0.0/build/lib/libopencv_videoio.3.0.0.dylib"; sourceTree = "<group>"; };
/* End PBXFileReference section */

/* Begin PBXFrameworksBuildPhase section */
		24832DEA1C0F872D001EEF2E /* Frameworks */ = {
			isa = PBXFrameworksBuildPhase;
			buildActionMask = 2147483647;
			files = (
				24832E041C0F8C24001EEF2E /* libopencv_video.3.0.0.dylib in Frameworks */,
				24832DFD1C0F87F9001EEF2E /* libopencv_highgui.3.0.0.dylib in Frameworks */,
				24832DFC1C0F87F9001EEF2E /* libopencv_core.3.0.0.dylib in Frameworks */,
				24832E001C0F87F9001EEF2E /* libopencv_stitching.3.0.0.dylib in Frameworks */,
				24832E061C0F93C5001EEF2E /* libopencv_videoio.3.0.0.dylib in Frameworks */,
				242C8CE81C10D732008E1909 /* libopencv_imgcodecs.3.0.0.dylib in Frameworks */,
				24832DFF1C0F87F9001EEF2E /* libopencv_imgproc.3.0.0.dylib in Frameworks */,
				24832E021C0F8839001EEF2E /* libopencv_shape.3.0.0.dylib in Frameworks */,
			);
			runOnlyForDeploymentPostprocessing = 0;
		};
/* End PBXFrameworksBuildPhase section */

/* Begin PBXGroup section */
		24832DE41C0F872D001EEF2E = {
			isa = PBXGroup;
			children = (
				242C8CE71C10D732008E1909 /* libopencv_imgcodecs.3.0.0.dylib */,
				24832E051C0F93C5001EEF2E /* libopencv_videoio.3.0.0.dylib */,
				24832E031C0F8C24001EEF2E /* libopencv_video.3.0.0.dylib */,
				24832E011C0F8839001EEF2E /* libopencv_shape.3.0.0.dylib */,
				24832DF71C0F87F9001EEF2E /* libopencv_core.3.0.0.dylib */,
				24832DF81C0F87F9001EEF2E /* libopencv_highgui.3.0.0.dylib */,
				24832DFA1C0F87F9001EEF2E /* libopencv_imgproc.3.0.0.dylib */,
				24832DFB1C0F87F9001EEF2E /* libopencv_stitching.3.0.0.dylib */,
				24832DEF1C0F872D001EEF2E /* IA_Project */,
				24832DEE1C0F872D001EEF2E /* Products */,
			);
			sourceTree = "<group>";
		};
		24832DEE1C0F872D001EEF2E /* Products */ = {
			isa = PBXGroup;
			children = (
				24832DED1C0F872D001EEF2E /* IA_Project */,
			);
			name = Products;
			sourceTree = "<group>";
		};
		24832DEF1C0F872D001EEF2E /* IA_Project */ = {
			isa = PBXGroup;
			children = (
				24832DF01C0F872D001EEF2E /* main.cpp */,
			);
			path = IA_Project;
			sourceTree = "<group>";
		};
/* End PBXGroup section */

/* Begin PBXNativeTarget section */
		24832DEC1C0F872D001EEF2E /* IA_Project */ = {
			isa = PBXNativeTarget;
			buildConfigurationList = 24832DF41C0F872D001EEF2E /* Build configuration list for PBXNativeTarget "IA_Project" */;
			buildPhases = (
				24832DE91C0F872D001EEF2E /* Sources */,
				24832DEA1C0F872D001EEF2E /* Frameworks */,
				24832DEB1C0F872D001EEF2E /* CopyFiles */,
			);
			buildRules = (
			);
			dependencies = (
			);
			name = IA_Project;
			productName = IA_Project;
			productReference = 24832DED1C0F872D001EEF2E /* IA_Project */;
			productType = "com.apple.product-type.tool";
		};
/* End PBXNativeTarget section */

/* Begin PBXProject section */
		24832DE51C0F872D001EEF2E /* Project object */ = {
			isa = PBXProject;
			attributes = {
				LastUpgradeCheck = 0700;
				ORGANIZATIONNAME = "Mohit Wadhwa";
				TargetAttributes = {
					24832DEC1C0F872D001EEF2E = {
						CreatedOnToolsVersion = 7.0.1;
					};
				};
			};
			buildConfigurationList = 24832DE81C0F872D001EEF2E /* Build configuration list for PBXProject "IA_Project" */;
			compatibilityVersion = "Xcode 3.2";
			developmentRegion = English;
			hasScannedForEncodings = 0;
			knownRegions = (
				en,
			);
			mainGroup = 24832DE41C0F872D001EEF2E;
			productRefGroup = 24832DEE1C0F872D001EEF2E /* Products */;
			projectDirPath = "";
			projectRoot = "";
			targets = (
				24832DEC1C0F872D001EEF2E /* IA_Project */,
			);
		};
/* End PBXProject section */

/* Begin PBXSourcesBuildPhase section */
		24832DE91C0F872D001EEF2E /* Sources */ = {
			isa = PBXSourcesBuildPhase;
			buildActionMask = 2147483647;
			files = (
				24832DF11C0F872D001EEF2E /* main.cpp in Sources */,
			);
			runOnlyForDeploymentPostprocessing = 0;
		};
/* End PBXSourcesBuildPhase section */

/* Begin XCBuildConfiguration section */
		24832DF21C0F872D001EEF2E /* Debug */ = {
			isa = XCBuildConfiguration;
			buildSettings = {
				ALWAYS_SEARCH_USER_PATHS = NO;
				CLANG_CXX_LANGUAGE_STANDARD = "gnu++0x";
				CLANG_CXX_LIBRARY = "libc++";
				CLANG_ENABLE_MODULES = YES;
				CLANG_ENABLE_OBJC_ARC = YES;
				CLANG_WARN_BOOL_CONVERSION = YES;
				CLANG_WARN_CONSTANT_CONVERSION = YES;
				CLANG_WARN_DIRECT_OBJC_ISA_USAGE = YES_ERROR;
				CLANG_WARN_EMPTY_BODY = YES;
				CLANG_WARN_ENUM_CONVERSION = YES;
				CLANG_WARN_INT_CONVERSION = YES;
				CLANG_WARN_OBJC_ROOT_CLASS = YES_ERROR;
				CLANG_WARN_UNREACHABLE_CODE = YES;
				CLANG_WARN__DUPLICATE_METHOD_MATCH = YES;
				COPY_PHASE_STRIP = NO;
				DEBUG_INFORMATION_FORMAT = dwarf;
				ENABLE_STRICT_OBJC_MSGSEND = YES;
				ENABLE_TESTABILITY = YES;
				GCC_C_LANGUAGE_STANDARD = gnu99;
				GCC_DYNAMIC_NO_PIC = NO;
				GCC_NO_COMMON_BLOCKS = YES;
				GCC_OPTIMIZATION_LEVEL = 0;
				GCC_PREPROCESSOR_DEFINITIONS = (
					"DEBUG=1",
					"$(inherited)",
				);
				GCC_WARN_64_TO_32_BIT_CONVERSION = YES;
				GCC_WARN_ABOUT_RETURN_TYPE = YES_ERROR;
				GCC_WARN_UNDECLARED_SELECTOR = YES;
				GCC_WARN_UNINITIALIZED_AUTOS = YES_AGGRESSIVE;
				GCC_WARN_UNUSED_FUNCTION = YES;
				GCC_WARN_UNUSED_VARIABLE = YES;
				MACOSX_DEPLOYMENT_TARGET = 10.10;
				MTL_ENABLE_DEBUG_INFO = YES;
				ONLY_ACTIVE_ARCH = YES;
				SDKROOT = macosx;
			};
			name = Debug;
		};
		24832DF31C0F872D001EEF2E /* Release */ = {
			isa = XCBuildConfiguration;
			buildSettings = {
				ALWAYS_SEARCH_USER_PATHS = NO;
				CLANG_CXX_LANGUAGE_STANDARD = "gnu++0x";
				CLANG_CXX_LIBRARY = "libc++";
				CLANG_ENABLE_MODULES = YES;
				CLANG_ENABLE_OBJC_ARC = YES;
				CLANG_WARN_BOOL_CONVERSION = YES;
				CLANG_WARN_CONSTANT_CONVERSION = YES;
				CLANG_WARN_DIRECT_OBJC_ISA_USAGE = YES_ERROR;
				CLANG_WARN_EMPTY_BODY = YES;
				CLANG_WARN_ENUM_CONVERSION = YES;
				CLANG_WARN_INT_CONVERSION = YES;
				CLANG_WARN_OBJC_ROOT_CLASS = YES_ERROR;
				CLANG_WARN_UNREACHABLE_CODE = YES;
				CLANG_WARN__DUPLICATE_METHOD_MATCH = YES;
				COPY_PHASE_STRIP = NO;
				DEBUG_INFORMATION_FORMAT = "dwarf-with-dsym";
				ENABLE_NS_ASSERTIONS = NO;
				ENABLE_STRICT_OBJC_MSGSEND = YES;
				GCC_C_LANGUAGE_STANDARD = gnu99;
				GCC_NO_COMMON_BLOCKS = YES;
				GCC_WARN_64_TO_32_BIT_CONVERSION = YES;
				GCC_WARN_ABOUT_RETURN_TYPE = YES_ERROR;
				GCC_WARN_UNDECLARED_SELECTOR = YES;
				GCC_WARN_UNINITIALIZED_AUTOS = YES_AGGRESSIVE;
				GCC_WARN_UNUSED_FUNCTION = YES;
				GCC_WARN_UNUSED_VARIABLE = YES;
				MACOSX_DEPLOYMENT_TARGET = 10.10;
				MTL_ENABLE_DEBUG_INFO = NO;
				SDKROOT = macosx;
			};
			name = Release;
		};
		24832DF51C0F872D001EEF2E /* Debug */ = {
			isa = XCBuildConfiguration;
			buildSettings = {
				ALWAYS_SEARCH_USER_PATHS = YES;
				FRAMEWORK_SEARCH_PATHS = /usr/local/lib;
				HEADER_SEARCH_PATHS = /usr/local/include;
				LIBRARY_SEARCH_PATHS = "/Users/lifecodemohit/Documents/IIITD_Sem5/ImageAnalysis/opencv-3.0.0/build/lib";
				OTHER_LDFLAGS = "";
				PRODUCT_NAME = "$(TARGET_NAME)";
			};
			name = Debug;
		};
		24832DF61C0F872D001EEF2E /* Release */ = {
			isa = XCBuildConfiguration;
			buildSettings = {
				ALWAYS_SEARCH_USER_PATHS = YES;
				FRAMEWORK_SEARCH_PATHS = /usr/local/lib;
				HEADER_SEARCH_PATHS = /usr/local/include;
				LIBRARY_SEARCH_PATHS = "/Users/lifecodemohit/Documents/IIITD_Sem5/ImageAnalysis/opencv-3.0.0/build/lib";
				OTHER_LDFLAGS = "";
				PRODUCT_NAME = "$(TARGET_NAME)";
			};
			name = Release;
		};
/* End XCBuildConfiguration section */

/* Begin XCConfigurationList section */
		24832DE81C0F872D001EEF2E /* Build configuration list for PBXProject "IA_Project" */ = {
			isa = XCConfigurationList;
			buildConfigurations = (
				24832DF21C0F872D001EEF2E /* Debug */,
				24832DF31C0F872D001EEF2E /* Release */,
			);
			defaultConfigurationIsVisible = 0;
			defaultConfigurationName = Release;
		};
		24832DF41C0F872D001EEF2E /* Build configuration list for PBXNativeTarget "IA_Project" */ = {
			isa = XCConfigurationList;
			buildConfigurations = (
				24832DF51C0F872D001EEF2E /* Debug */,
				24832DF61C0F872D001EEF2E /* Release */,
			);
			defaultConfigurationIsVisible = 0;
			defaultConfigurationName = Release;
		};
/* End XCConfigurationList section */
	};
	rootObject = 24832DE51C0F872D001EEF2E /* Project object */;
}
